// !$*UTF8*$!
{
	archiveVersion = 1;
	classes = {
	};
	objectVersion = 46;
	objects = {

/* Begin PBXBuildFile section */
		592F4D7D1CFE891300BB3A0C /* AppDelegate.swift in Sources */ = {isa = PBXBuildFile; fileRef = 592F4D7C1CFE891300BB3A0C /* AppDelegate.swift */; };
		592F4D7F1CFE891300BB3A0C /* ViewController.swift in Sources */ = {isa = PBXBuildFile; fileRef = 592F4D7E1CFE891300BB3A0C /* ViewController.swift */; };
		592F4D821CFE891300BB3A0C /* Main.storyboard in Resources */ = {isa = PBXBuildFile; fileRef = 592F4D801CFE891300BB3A0C /* Main.storyboard */; };
		592F4D841CFE891300BB3A0C /* Assets.xcassets in Resources */ = {isa = PBXBuildFile; fileRef = 592F4D831CFE891300BB3A0C /* Assets.xcassets */; };
		592F4D871CFE891300BB3A0C /* LaunchScreen.storyboard in Resources */ = {isa = PBXBuildFile; fileRef = 592F4D851CFE891300BB3A0C /* LaunchScreen.storyboard */; };
		592F4D921CFE891300BB3A0C /* sampleTextFieldTests.swift in Sources */ = {isa = PBXBuildFile; fileRef = 592F4D911CFE891300BB3A0C /* sampleTextFieldTests.swift */; };
		592F4D9D1CFE891300BB3A0C /* sampleTextFieldUITests.swift in Sources */ = {isa = PBXBuildFile; fileRef = 592F4D9C1CFE891300BB3A0C /* sampleTextFieldUITests.swift */; };
/* End PBXBuildFile section */

/* Begin PBXContainerItemProxy section */
		592F4D8E1CFE891300BB3A0C /* PBXContainerItemProxy */ = {
			isa = PBXContainerItemProxy;
			containerPortal = 592F4D711CFE891300BB3A0C /* Project object */;
			proxyType = 1;
			remoteGlobalIDString = 592F4D781CFE891300BB3A0C;
			remoteInfo = sampleTextField;
		};
		592F4D991CFE891300BB3A0C /* PBXContainerItemProxy */ = {
			isa = PBXContainerItemProxy;
			containerPortal = 592F4D711CFE891300BB3A0C /* Project object */;
			proxyType = 1;
			remoteGlobalIDString = 592F4D781CFE891300BB3A0C;
			remoteInfo = sampleTextField;
		};
/* End PBXContainerItemProxy section */

/* Begin PBXFileReference section */
		592F4D791CFE891300BB3A0C /* sampleTextField.app */ = {isa = PBXFileReference; explicitFileType = wrapper.application; includeInIndex = 0; path = sampleTextField.app; sourceTree = BUILT_PRODUCTS_DIR; };
		592F4D7C1CFE891300BB3A0C /* AppDelegate.swift */ = {isa = PBXFileReference; lastKnownFileType = sourcecode.swift; path = AppDelegate.swift; sourceTree = "<group>"; };
		592F4D7E1CFE891300BB3A0C /* ViewController.swift */ = {isa = PBXFileReference; lastKnownFileType = sourcecode.swift; path = ViewController.swift; sourceTree = "<group>"; };
		592F4D811CFE891300BB3A0C /* Base */ = {isa = PBXFileReference; lastKnownFileType = file.storyboard; name = Base; path = Base.lproj/Main.storyboard; sourceTree = "<group>"; };
		592F4D831CFE891300BB3A0C /* Assets.xcassets */ = {isa = PBXFileReference; lastKnownFileType = folder.assetcatalog; path = Assets.xcassets; sourceTree = "<group>"; };
		592F4D861CFE891300BB3A0C /* Base */ = {isa = PBXFileReference; lastKnownFileType = file.storyboard; name = Base; path = Base.lproj/LaunchScreen.storyboard; sourceTree = "<group>"; };
		592F4D881CFE891300BB3A0C /* Info.plist */ = {isa = PBXFileReference; lastKnownFileType = text.plist.xml; path = Info.plist; sourceTree = "<group>"; };
		592F4D8D1CFE891300BB3A0C /* sampleTextFieldTests.xctest */ = {isa = PBXFileReference; explicitFileType = wrapper.cfbundle; includeInIndex = 0; path = sampleTextFieldTests.xctest; sourceTree = BUILT_PRODUCTS_DIR; };
		592F4D911CFE891300BB3A0C /* sampleTextFieldTests.swift */ = {isa = PBXFileReference; lastKnownFileType = sourcecode.swift; path = sampleTextFieldTests.swift; sourceTree = "<group>"; };
		592F4D931CFE891300BB3A0C /* Info.plist */ = {isa = PBXFileReference; lastKnownFileType = text.plist.xml; path = Info.plist; sourceTree = "<group>"; };
		592F4D981CFE891300BB3A0C /* sampleTextFieldUITests.xctest */ = {isa = PBXFileReference; explicitFileType = wrapper.cfbundle; includeInIndex = 0; path = sampleTextFieldUITests.xctest; sourceTree = BUILT_PRODUCTS_DIR; };
		592F4D9C1CFE891300BB3A0C /* sampleTextFieldUITests.swift */ = {isa = PBXFileReference; lastKnownFileType = sourcecode.swift; path = sampleTextFieldUITests.swift; sourceTree = "<group>"; };
		592F4D9E1CFE891300BB3A0C /* Info.plist */ = {isa = PBXFileReference; lastKnownFileType = text.plist.xml; path = Info.plist; sourceTree = "<group>"; };
/* End PBXFileReference section */

/* Begin PBXFrameworksBuildPhase section */
		592F4D761CFE891300BB3A0C /* Frameworks */ = {
			isa = PBXFrameworksBuildPhase;
			buildActionMask = 2147483647;
			files = (
			);
			runOnlyForDeploymentPostprocessing = 0;
		};
		592F4D8A1CFE891300BB3A0C /* Frameworks */ = {
			isa = PBXFrameworksBuildPhase;
			buildActionMask = 2147483647;
			files = (
			);
			runOnlyForDeploymentPostprocessing = 0;
		};
		592F4D951CFE891300BB3A0C /* Frameworks */ = {
			isa = PBXFrameworksBuildPhase;
			buildActionMask = 2147483647;
			files = (
			);
			runOnlyForDeploymentPostprocessing = 0;
		};
/* End PBXFrameworksBuildPhase section */

/* Begin PBXGroup section */
		592F4D701CFE891300BB3A0C = {
			isa = PBXGroup;
			children = (
				592F4D7B1CFE891300BB3A0C /* sampleTextField */,
				592F4D901CFE891300BB3A0C /* sampleTextFieldTests */,
				592F4D9B1CFE891300BB3A0C /* sampleTextFieldUITests */,
				592F4D7A1CFE891300BB3A0C /* Products */,
			);
			sourceTree = "<group>";
		};
		592F4D7A1CFE891300BB3A0C /* Products */ = {
			isa = PBXGroup;
			children = (
				592F4D791CFE891300BB3A0C /* sampleTextField.app */,
				592F4D8D1CFE891300BB3A0C /* sampleTextFieldTests.xctest */,
				592F4D981CFE891300BB3A0C /* sampleTextFieldUITests.xctest */,
			);
			name = Products;
			sourceTree = "<group>";
		};
		592F4D7B1CFE891300BB3A0C /* sampleTextField */ = {
			isa = PBXGroup;
			children = (
				592F4D7C1CFE891300BB3A0C /* AppDelegate.swift */,
				592F4D7E1CFE891300BB3A0C /* ViewController.swift */,
				592F4D801CFE891300BB3A0C /* Main.storyboard */,
				592F4D831CFE891300BB3A0C /* Assets.xcassets */,
				592F4D851CFE891300BB3A0C /* LaunchScreen.storyboard */,
				592F4D881CFE891300BB3A0C /* Info.plist */,
			);
			path = sampleTextField;
			sourceTree = "<group>";
		};
		592F4D901CFE891300BB3A0C /* sampleTextFieldTests */ = {
			isa = PBXGroup;
			children = (
				592F4D911CFE891300BB3A0C /* sampleTextFieldTests.swift */,
				592F4D931CFE891300BB3A0C /* Info.plist */,
			);
			path = sampleTextFieldTests;
			sourceTree = "<group>";
		};
		592F4D9B1CFE891300BB3A0C /* sampleTextFieldUITests */ = {
			isa = PBXGroup;
			children = (
				592F4D9C1CFE891300BB3A0C /* sampleTextFieldUITests.swift */,
				592F4D9E1CFE891300BB3A0C /* Info.plist */,
			);
			path = sampleTextFieldUITests;
			sourceTree = "<group>";
		};
/* End PBXGroup section */

/* Begin PBXNativeTarget section */
		592F4D781CFE891300BB3A0C /* sampleTextField */ = {
			isa = PBXNativeTarget;
			buildConfigurationList = 592F4DA11CFE891300BB3A0C /* Build configuration list for PBXNativeTarget "sampleTextField" */;
			buildPhases = (
				592F4D751CFE891300BB3A0C /* Sources */,
				592F4D761CFE891300BB3A0C /* Frameworks */,
				592F4D771CFE891300BB3A0C /* Resources */,
			);
			buildRules = (
			);
			dependencies = (
			);
			name = sampleTextField;
			productName = sampleTextField;
			productReference = 592F4D791CFE891300BB3A0C /* sampleTextField.app */;
			productType = "com.apple.product-type.application";
		};
		592F4D8C1CFE891300BB3A0C /* sampleTextFieldTests */ = {
			isa = PBXNativeTarget;
			buildConfigurationList = 592F4DA41CFE891300BB3A0C /* Build configuration list for PBXNativeTarget "sampleTextFieldTests" */;
			buildPhases = (
				592F4D891CFE891300BB3A0C /* Sources */,
				592F4D8A1CFE891300BB3A0C /* Frameworks */,
				592F4D8B1CFE891300BB3A0C /* Resources */,
			);
			buildRules = (
			);
			dependencies = (
				592F4D8F1CFE891300BB3A0C /* PBXTargetDependency */,
			);
			name = sampleTextFieldTests;
			productName = sampleTextFieldTests;
			productReference = 592F4D8D1CFE891300BB3A0C /* sampleTextFieldTests.xctest */;
			productType = "com.apple.product-type.bundle.unit-test";
		};
		592F4D971CFE891300BB3A0C /* sampleTextFieldUITests */ = {
			isa = PBXNativeTarget;
			buildConfigurationList = 592F4DA71CFE891300BB3A0C /* Build configuration list for PBXNativeTarget "sampleTextFieldUITests" */;
			buildPhases = (
				592F4D941CFE891300BB3A0C /* Sources */,
				592F4D951CFE891300BB3A0C /* Frameworks */,
				592F4D961CFE891300BB3A0C /* Resources */,
			);
			buildRules = (
			);
			dependencies = (
				592F4D9A1CFE891300BB3A0C /* PBXTargetDependency */,
			);
			name = sampleTextFieldUITests;
			productName = sampleTextFieldUITests;
			productReference = 592F4D981CFE891300BB3A0C /* sampleTextFieldUITests.xctest */;
			productType = "com.apple.product-type.bundle.ui-testing";
		};
/* End PBXNativeTarget section */

/* Begin PBXProject section */
		592F4D711CFE891300BB3A0C /* Project object */ = {
			isa = PBXProject;
			attributes = {
				LastSwiftUpdateCheck = 0730;
				LastUpgradeCheck = 0730;
				ORGANIZATIONNAME = "森尻尭之";
				TargetAttributes = {
					592F4D781CFE891300BB3A0C = {
						CreatedOnToolsVersion = 7.3.1;
					};
					592F4D8C1CFE891300BB3A0C = {
						CreatedOnToolsVersion = 7.3.1;
						TestTargetID = 592F4D781CFE891300BB3A0C;
					};
					592F4D971CFE891300BB3A0C = {
						CreatedOnToolsVersion = 7.3.1;
						TestTargetID = 592F4D781CFE891300BB3A0C;
					};
				};
			};
			buildConfigurationList = 592F4D741CFE891300BB3A0C /* Build configuration list for PBXProject "sampleTextField" */;
			compatibilityVersion = "Xcode 3.2";
			developmentRegion = English;
			hasScannedForEncodings = 0;
			knownRegions = (
				en,
				Base,
			);
			mainGroup = 592F4D701CFE891300BB3A0C;
			productRefGroup = 592F4D7A1CFE891300BB3A0C /* Products */;
			projectDirPath = "";
			projectRoot = "";
			targets = (
				592F4D781CFE891300BB3A0C /* sampleTextField */,
				592F4D8C1CFE891300BB3A0C /* sampleTextFieldTests */,
				592F4D971CFE891300BB3A0C /* sampleTextFieldUITests */,
			);
		};
/* End PBXProject section */

/* Begin PBXResourcesBuildPhase section */
		592F4D771CFE891300BB3A0C /* Resources */ = {
			isa = PBXResourcesBuildPhase;
			buildActionMask = 2147483647;
			files = (
				592F4D871CFE891300BB3A0C /* LaunchScreen.storyboard in Resources */,
				592F4D841CFE891300BB3A0C /* Assets.xcassets in Resources */,
				592F4D821CFE891300BB3A0C /* Main.storyboard in Resources */,
			);
			runOnlyForDeploymentPostprocessing = 0;
		};
		592F4D8B1CFE891300BB3A0C /* Resources */ = {
			isa = PBXResourcesBuildPhase;
			buildActionMask = 2147483647;
			files = (
			);
			runOnlyForDeploymentPostprocessing = 0;
		};
		592F4D961CFE891300BB3A0C /* Resources */ = {
			isa = PBXResourcesBuildPhase;
			buildActionMask = 2147483647;
			files = (
			);
			runOnlyForDeploymentPostprocessing = 0;
		};
/* End PBXResourcesBuildPhase section */

/* Begin PBXSourcesBuildPhase section */
		592F4D751CFE891300BB3A0C /* Sources */ = {
			isa = PBXSourcesBuildPhase;
			buildActionMask = 2147483647;
			files = (
				592F4D7F1CFE891300BB3A0C /* ViewController.swift in Sources */,
				592F4D7D1CFE891300BB3A0C /* AppDelegate.swift in Sources */,
			);
			runOnlyForDeploymentPostprocessing = 0;
		};
		592F4D891CFE891300BB3A0C /* Sources */ = {
			isa = PBXSourcesBuildPhase;
			buildActionMask = 2147483647;
			files = (
				592F4D921CFE891300BB3A0C /* sampleTextFieldTests.swift in Sources */,
			);
			runOnlyForDeploymentPostprocessing = 0;
		};
		592F4D941CFE891300BB3A0C /* Sources */ = {
			isa = PBXSourcesBuildPhase;
			buildActionMask = 2147483647;
			files = (
				592F4D9D1CFE891300BB3A0C /* sampleTextFieldUITests.swift in Sources */,
			);
			runOnlyForDeploymentPostprocessing = 0;
		};
/* End PBXSourcesBuildPhase section */

/* Begin PBXTargetDependency section */
		592F4D8F1CFE891300BB3A0C /* PBXTargetDependency */ = {
			isa = PBXTargetDependency;
			target = 592F4D781CFE891300BB3A0C /* sampleTextField */;
			targetProxy = 592F4D8E1CFE891300BB3A0C /* PBXContainerItemProxy */;
		};
		592F4D9A1CFE891300BB3A0C /* PBXTargetDependency */ = {
			isa = PBXTargetDependency;
			target = 592F4D781CFE891300BB3A0C /* sampleTextField */;
			targetProxy = 592F4D991CFE891300BB3A0C /* PBXContainerItemProxy */;
		};
/* End PBXTargetDependency section */

/* Begin PBXVariantGroup section */
		592F4D801CFE891300BB3A0C /* Main.storyboard */ = {
			isa = PBXVariantGroup;
			children = (
				592F4D811CFE891300BB3A0C /* Base */,
			);
			name = Main.storyboard;
			sourceTree = "<group>";
		};
		592F4D851CFE891300BB3A0C /* LaunchScreen.storyboard */ = {
			isa = PBXVariantGroup;
			children = (
				592F4D861CFE891300BB3A0C /* Base */,
			);
			name = LaunchScreen.storyboard;
			sourceTree = "<group>";
		};
/* End PBXVariantGroup section */

/* Begin XCBuildConfiguration section */
		592F4D9F1CFE891300BB3A0C /* Debug */ = {
			isa = XCBuildConfiguration;
			buildSettings = {
				ALWAYS_SEARCH_USER_PATHS = NO;
				CLANG_ANALYZER_NONNULL = YES;
				CLANG_CXX_LANGUAGE_STANDARD = "gnu++0x";
				CLANG_CXX_LIBRARY = "libc++";
				CLANG_ENABLE_MODULES = YES;
				CLANG_ENABLE_OBJC_ARC = YES;
				CLANG_WARN_BOOL_CONVERSION = YES;
				CLANG_WARN_CONSTANT_CONVERSION = YES;
				CLANG_WARN_DIRECT_OBJC_ISA_USAGE = YES_ERROR;
				CLANG_WARN_EMPTY_BODY = YES;
				CLANG_WARN_ENUM_CONVERSION = YES;
				CLANG_WARN_INT_CONVERSION = YES;
				CLANG_WARN_OBJC_ROOT_CLASS = YES_ERROR;
				CLANG_WARN_UNREACHABLE_CODE = YES;
				CLANG_WARN__DUPLICATE_METHOD_MATCH = YES;
				"CODE_SIGN_IDENTITY[sdk=iphoneos*]" = "iPhone Developer";
				COPY_PHASE_STRIP = NO;
				DEBUG_INFORMATION_FORMAT = dwarf;
				ENABLE_STRICT_OBJC_MSGSEND = YES;
				ENABLE_TESTABILITY = YES;
				GCC_C_LANGUAGE_STANDARD = gnu99;
				GCC_DYNAMIC_NO_PIC = NO;
				GCC_NO_COMMON_BLOCKS = YES;
				GCC_OPTIMIZATION_LEVEL = 0;
				GCC_PREPROCESSOR_DEFINITIONS = (
					"DEBUG=1",
					"$(inherited)",
				);
				GCC_WARN_64_TO_32_BIT_CONVERSION = YES;
				GCC_WARN_ABOUT_RETURN_TYPE = YES_ERROR;
				GCC_WARN_UNDECLARED_SELECTOR = YES;
				GCC_WARN_UNINITIALIZED_AUTOS = YES_AGGRESSIVE;
				GCC_WARN_UNUSED_FUNCTION = YES;
				GCC_WARN_UNUSED_VARIABLE = YES;
				IPHONEOS_DEPLOYMENT_TARGET = 9.3;
				MTL_ENABLE_DEBUG_INFO = YES;
				ONLY_ACTIVE_ARCH = YES;
				SDKROOT = iphoneos;
				SWIFT_OPTIMIZATION_LEVEL = "-Onone";
				TARGETED_DEVICE_FAMILY = "1,2";
			};
			name = Debug;
		};
		592F4DA01CFE891300BB3A0C /* Release */ = {
			isa = XCBuildConfiguration;
			buildSettings = {
				ALWAYS_SEARCH_USER_PATHS = NO;
				CLANG_ANALYZER_NONNULL = YES;
				CLANG_CXX_LANGUAGE_STANDARD = "gnu++0x";
				CLANG_CXX_LIBRARY = "libc++";
				CLANG_ENABLE_MODULES = YES;
				CLANG_ENABLE_OBJC_ARC = YES;
				CLANG_WARN_BOOL_CONVERSION = YES;
				CLANG_WARN_CONSTANT_CONVERSION = YES;
				CLANG_WARN_DIRECT_OBJC_ISA_USAGE = YES_ERROR;
				CLANG_WARN_EMPTY_BODY = YES;
				CLANG_WARN_ENUM_CONVERSION = YES;
				CLANG_WARN_INT_CONVERSION = YES;
				CLANG_WARN_OBJC_ROOT_CLASS = YES_ERROR;
				CLANG_WARN_UNREACHABLE_CODE = YES;
				CLANG_WARN__DUPLICATE_METHOD_MATCH = YES;
				"CODE_SIGN_IDENTITY[sdk=iphoneos*]" = "iPhone Developer";
				COPY_PHASE_STRIP = NO;
				DEBUG_INFORMATION_FORMAT = "dwarf-with-dsym";
				ENABLE_NS_ASSERTIONS = NO;
				ENABLE_STRICT_OBJC_MSGSEND = YES;
				GCC_C_LANGUAGE_STANDARD = gnu99;
				GCC_NO_COMMON_BLOCKS = YES;
				GCC_WARN_64_TO_32_BIT_CONVERSION = YES;
				GCC_WARN_ABOUT_RETURN_TYPE = YES_ERROR;
				GCC_WARN_UNDECLARED_SELECTOR = YES;
				GCC_WARN_UNINITIALIZED_AUTOS = YES_AGGRESSIVE;
				GCC_WARN_UNUSED_FUNCTION = YES;
				GCC_WARN_UNUSED_VARIABLE = YES;
				IPHONEOS_DEPLOYMENT_TARGET = 9.3;
				MTL_ENABLE_DEBUG_INFO = NO;
				SDKROOT = iphoneos;
				TARGETED_DEVICE_FAMILY = "1,2";
				VALIDATE_PRODUCT = YES;
			};
			name = Release;
		};
		592F4DA21CFE891300BB3A0C /* Debug */ = {
			isa = XCBuildConfiguration;
			buildSettings = {
				ASSETCATALOG_COMPILER_APPICON_NAME = AppIcon;
				INFOPLIST_FILE = sampleTextField/Info.plist;
				LD_RUNPATH_SEARCH_PATHS = "$(inherited) @executable_path/Frameworks";
				PRODUCT_BUNDLE_IDENTIFIER = com.takayukimorijiri.sampleTextField;
				PRODUCT_NAME = "$(TARGET_NAME)";
			};
			name = Debug;
		};
		592F4DA31CFE891300BB3A0C /* Release */ = {
			isa = XCBuildConfiguration;
			buildSettings = {
				ASSETCATALOG_COMPILER_APPICON_NAME = AppIcon;
				INFOPLIST_FILE = sampleTextField/Info.plist;
				LD_RUNPATH_SEARCH_PATHS = "$(inherited) @executable_path/Frameworks";
				PRODUCT_BUNDLE_IDENTIFIER = com.takayukimorijiri.sampleTextField;
				PRODUCT_NAME = "$(TARGET_NAME)";
			};
			name = Release;
		};
		592F4DA51CFE891300BB3A0C /* Debug */ = {
			isa = XCBuildConfiguration;
			buildSettings = {
				BUNDLE_LOADER = "$(TEST_HOST)";
				INFOPLIST_FILE = sampleTextFieldTests/Info.plist;
				LD_RUNPATH_SEARCH_PATHS = "$(inherited) @executable_path/Frameworks @loader_path/Frameworks";
				PRODUCT_BUNDLE_IDENTIFIER = com.takayukimorijiri.sampleTextFieldTests;
				PRODUCT_NAME = "$(TARGET_NAME)";
				TEST_HOST = "$(BUILT_PRODUCTS_DIR)/sampleTextField.app/sampleTextField";
			};
			name = Debug;
		};
		592F4DA61CFE891300BB3A0C /* Release */ = {
			isa = XCBuildConfiguration;
			buildSettings = {
				BUNDLE_LOADER = "$(TEST_HOST)";
				INFOPLIST_FILE = sampleTextFieldTests/Info.plist;
				LD_RUNPATH_SEARCH_PATHS = "$(inherited) @executable_path/Frameworks @loader_path/Frameworks";
				PRODUCT_BUNDLE_IDENTIFIER = com.takayukimorijiri.sampleTextFieldTests;
				PRODUCT_NAME = "$(TARGET_NAME)";
				TEST_HOST = "$(BUILT_PRODUCTS_DIR)/sampleTextField.app/sampleTextField";
			};
			name = Release;
		};
		592F4DA81CFE891300BB3A0C /* Debug */ = {
			isa = XCBuildConfiguration;
			buildSettings = {
				INFOPLIST_FILE = sampleTextFieldUITests/Info.plist;
				LD_RUNPATH_SEARCH_PATHS = "$(inherited) @executable_path/Frameworks @loader_path/Frameworks";
				PRODUCT_BUNDLE_IDENTIFIER = com.takayukimorijiri.sampleTextFieldUITests;
				PRODUCT_NAME = "$(TARGET_NAME)";
				TEST_TARGET_NAME = sampleTextField;
			};
			name = Debug;
		};
		592F4DA91CFE891300BB3A0C /* Release */ = {
			isa = XCBuildConfiguration;
			buildSettings = {
				INFOPLIST_FILE = sampleTextFieldUITests/Info.plist;
				LD_RUNPATH_SEARCH_PATHS = "$(inherited) @executable_path/Frameworks @loader_path/Frameworks";
				PRODUCT_BUNDLE_IDENTIFIER = com.takayukimorijiri.sampleTextFieldUITests;
				PRODUCT_NAME = "$(TARGET_NAME)";
				TEST_TARGET_NAME = sampleTextField;
			};
			name = Release;
		};
/* End XCBuildConfiguration section */

/* Begin XCConfigurationList section */
		592F4D741CFE891300BB3A0C /* Build configuration list for PBXProject "sampleTextField" */ = {
			isa = XCConfigurationList;
			buildConfigurations = (
				592F4D9F1CFE891300BB3A0C /* Debug */,
				592F4DA01CFE891300BB3A0C /* Release */,
			);
			defaultConfigurationIsVisible = 0;
			defaultConfigurationName = Release;
		};
		592F4DA11CFE891300BB3A0C /* Build configuration list for PBXNativeTarget "sampleTextField" */ = {
			isa = XCConfigurationList;
			buildConfigurations = (
				592F4DA21CFE891300BB3A0C /* Debug */,
				592F4DA31CFE891300BB3A0C /* Release */,
			);
			defaultConfigurationIsVisible = 0;
		};
		592F4DA41CFE891300BB3A0C /* Build configuration list for PBXNativeTarget "sampleTextFieldTests" */ = {
			isa = XCConfigurationList;
			buildConfigurations = (
				592F4DA51CFE891300BB3A0C /* Debug */,
				592F4DA61CFE891300BB3A0C /* Release */,
			);
			defaultConfigurationIsVisible = 0;
		};
		592F4DA71CFE891300BB3A0C /* Build configuration list for PBXNativeTarget "sampleTextFieldUITests" */ = {
			isa = XCConfigurationList;
			buildConfigurations = (
				592F4DA81CFE891300BB3A0C /* Debug */,
				592F4DA91CFE891300BB3A0C /* Release */,
			);
			defaultConfigurationIsVisible = 0;
		};
/* End XCConfigurationList section */
	};
	rootObject = 592F4D711CFE891300BB3A0C /* Project object */;
}
